// !$*UTF8*$!
{
	archiveVersion = 1;
	classes = {
	};
	objectVersion = 52;
	objects = {

/* Begin PBXBuildFile section */
		DE6BBDD227A01B7F00EC43FF /* AppDelegate.swift in Sources */ = {isa = PBXBuildFile; fileRef = DE6BBDD127A01B7F00EC43FF /* AppDelegate.swift */; };
		DE6BBDD427A01B7F00EC43FF /* SceneDelegate.swift in Sources */ = {isa = PBXBuildFile; fileRef = DE6BBDD327A01B7F00EC43FF /* SceneDelegate.swift */; };
		DE6BBDDB27A01B8000EC43FF /* Assets.xcassets in Resources */ = {isa = PBXBuildFile; fileRef = DE6BBDDA27A01B8000EC43FF /* Assets.xcassets */; };
		DE6BBDDE27A01B8000EC43FF /* LaunchScreen.storyboard in Resources */ = {isa = PBXBuildFile; fileRef = DE6BBDDC27A01B8000EC43FF /* LaunchScreen.storyboard */; };
		DE6BBDE727A01BE500EC43FF /* SnapKit in Frameworks */ = {isa = PBXBuildFile; productRef = DE6BBDE627A01BE500EC43FF /* SnapKit */; };
		DE6BBDEA27A01BF200EC43FF /* Kingfisher in Frameworks */ = {isa = PBXBuildFile; productRef = DE6BBDE927A01BF200EC43FF /* Kingfisher */; };
		DE6BBDEC27A01DCD00EC43FF /* TabBarViewController.swift in Sources */ = {isa = PBXBuildFile; fileRef = DE6BBDEB27A01DCD00EC43FF /* TabBarViewController.swift */; };
		DE6BBDF027A0209E00EC43FF /* TodayViewController.swift in Sources */ = {isa = PBXBuildFile; fileRef = DE6BBDEF27A0209E00EC43FF /* TodayViewController.swift */; };
		DE6BBDF227A0237B00EC43FF /* TodayCollectionViewCell.swift in Sources */ = {isa = PBXBuildFile; fileRef = DE6BBDF127A0237B00EC43FF /* TodayCollectionViewCell.swift */; };
		DE6BBDF427A0284700EC43FF /* TodayCollectionHeaderView.swift in Sources */ = {isa = PBXBuildFile; fileRef = DE6BBDF327A0284700EC43FF /* TodayCollectionHeaderView.swift */; };
		DE6BBDF627A02C2900EC43FF /* AppViewController.swift in Sources */ = {isa = PBXBuildFile; fileRef = DE6BBDF527A02C2900EC43FF /* AppViewController.swift */; };
		DE6BBDF927A031A800EC43FF /* FeatureSectionView.swift in Sources */ = {isa = PBXBuildFile; fileRef = DE6BBDF827A031A800EC43FF /* FeatureSectionView.swift */; };
		DE6BBDFB27A0372500EC43FF /* FeatureSectionCollectionViewCell.swift in Sources */ = {isa = PBXBuildFile; fileRef = DE6BBDFA27A0372500EC43FF /* FeatureSectionCollectionViewCell.swift */; };
		DE6BBDFD27A03BD500EC43FF /* SeparatorView.swift in Sources */ = {isa = PBXBuildFile; fileRef = DE6BBDFC27A03BD500EC43FF /* SeparatorView.swift */; };
		DE6BBDFF27A03EF900EC43FF /* RankingFeatureSectionView.swift in Sources */ = {isa = PBXBuildFile; fileRef = DE6BBDFE27A03EF900EC43FF /* RankingFeatureSectionView.swift */; };
		DE6BBE0127A046AF00EC43FF /* RankingFeatureCollectionViewCell.swift in Sources */ = {isa = PBXBuildFile; fileRef = DE6BBE0027A046AF00EC43FF /* RankingFeatureCollectionViewCell.swift */; };
		DE6BBE0327A04B0600EC43FF /* ExchangeCodeButtonView.swift in Sources */ = {isa = PBXBuildFile; fileRef = DE6BBE0227A04B0600EC43FF /* ExchangeCodeButtonView.swift */; };
		DEBC568727A0C84B0013CAD2 /* AppDetailViewController.swift in Sources */ = {isa = PBXBuildFile; fileRef = DEBC568627A0C84B0013CAD2 /* AppDetailViewController.swift */; };
		DEBC568D27A0D5480013CAD2 /* Today.plist in Resources */ = {isa = PBXBuildFile; fileRef = DEBC568A27A0D5480013CAD2 /* Today.plist */; };
		DEBC568E27A0D5480013CAD2 /* Feature.plist in Resources */ = {isa = PBXBuildFile; fileRef = DEBC568B27A0D5480013CAD2 /* Feature.plist */; };
		DEBC568F27A0D5480013CAD2 /* RankingFeature.plist in Resources */ = {isa = PBXBuildFile; fileRef = DEBC568C27A0D5480013CAD2 /* RankingFeature.plist */; };
		DEBC569227A0D6030013CAD2 /* Today.swift in Sources */ = {isa = PBXBuildFile; fileRef = DEBC569127A0D6030013CAD2 /* Today.swift */; };
		DEBC569427A0D6860013CAD2 /* Feature.swift in Sources */ = {isa = PBXBuildFile; fileRef = DEBC569327A0D6860013CAD2 /* Feature.swift */; };
		DEBC569627A0D6BD0013CAD2 /* RankingFeature.swift in Sources */ = {isa = PBXBuildFile; fileRef = DEBC569527A0D6BD0013CAD2 /* RankingFeature.swift */; };
		DEBC569827A0E2330013CAD2 /* TodayDetailViewController.swift in Sources */ = {isa = PBXBuildFile; fileRef = DEBC569727A0E2330013CAD2 /* TodayDetailViewController.swift */; };
/* End PBXBuildFile section */

/* Begin PBXFileReference section */
		DE6BBDCE27A01B7E00EC43FF /* AppStore.app */ = {isa = PBXFileReference; explicitFileType = wrapper.application; includeInIndex = 0; path = AppStore.app; sourceTree = BUILT_PRODUCTS_DIR; };
		DE6BBDD127A01B7F00EC43FF /* AppDelegate.swift */ = {isa = PBXFileReference; lastKnownFileType = sourcecode.swift; path = AppDelegate.swift; sourceTree = "<group>"; };
		DE6BBDD327A01B7F00EC43FF /* SceneDelegate.swift */ = {isa = PBXFileReference; lastKnownFileType = sourcecode.swift; path = SceneDelegate.swift; sourceTree = "<group>"; };
		DE6BBDDA27A01B8000EC43FF /* Assets.xcassets */ = {isa = PBXFileReference; lastKnownFileType = folder.assetcatalog; path = Assets.xcassets; sourceTree = "<group>"; };
		DE6BBDDD27A01B8000EC43FF /* Base */ = {isa = PBXFileReference; lastKnownFileType = file.storyboard; name = Base; path = Base.lproj/LaunchScreen.storyboard; sourceTree = "<group>"; };
		DE6BBDDF27A01B8000EC43FF /* Info.plist */ = {isa = PBXFileReference; lastKnownFileType = text.plist.xml; path = Info.plist; sourceTree = "<group>"; };
		DE6BBDEB27A01DCD00EC43FF /* TabBarViewController.swift */ = {isa = PBXFileReference; lastKnownFileType = sourcecode.swift; path = TabBarViewController.swift; sourceTree = "<group>"; };
		DE6BBDEF27A0209E00EC43FF /* TodayViewController.swift */ = {isa = PBXFileReference; lastKnownFileType = sourcecode.swift; path = TodayViewController.swift; sourceTree = "<group>"; };
		DE6BBDF127A0237B00EC43FF /* TodayCollectionViewCell.swift */ = {isa = PBXFileReference; lastKnownFileType = sourcecode.swift; path = TodayCollectionViewCell.swift; sourceTree = "<group>"; };
		DE6BBDF327A0284700EC43FF /* TodayCollectionHeaderView.swift */ = {isa = PBXFileReference; lastKnownFileType = sourcecode.swift; path = TodayCollectionHeaderView.swift; sourceTree = "<group>"; };
		DE6BBDF527A02C2900EC43FF /* AppViewController.swift */ = {isa = PBXFileReference; lastKnownFileType = sourcecode.swift; path = AppViewController.swift; sourceTree = "<group>"; };
		DE6BBDF827A031A800EC43FF /* FeatureSectionView.swift */ = {isa = PBXFileReference; lastKnownFileType = sourcecode.swift; path = FeatureSectionView.swift; sourceTree = "<group>"; };
		DE6BBDFA27A0372500EC43FF /* FeatureSectionCollectionViewCell.swift */ = {isa = PBXFileReference; lastKnownFileType = sourcecode.swift; path = FeatureSectionCollectionViewCell.swift; sourceTree = "<group>"; };
		DE6BBDFC27A03BD500EC43FF /* SeparatorView.swift */ = {isa = PBXFileReference; lastKnownFileType = sourcecode.swift; path = SeparatorView.swift; sourceTree = "<group>"; };
		DE6BBDFE27A03EF900EC43FF /* RankingFeatureSectionView.swift */ = {isa = PBXFileReference; lastKnownFileType = sourcecode.swift; path = RankingFeatureSectionView.swift; sourceTree = "<group>"; };
		DE6BBE0027A046AF00EC43FF /* RankingFeatureCollectionViewCell.swift */ = {isa = PBXFileReference; lastKnownFileType = sourcecode.swift; path = RankingFeatureCollectionViewCell.swift; sourceTree = "<group>"; };
		DE6BBE0227A04B0600EC43FF /* ExchangeCodeButtonView.swift */ = {isa = PBXFileReference; lastKnownFileType = sourcecode.swift; path = ExchangeCodeButtonView.swift; sourceTree = "<group>"; };
		DEBC568627A0C84B0013CAD2 /* AppDetailViewController.swift */ = {isa = PBXFileReference; lastKnownFileType = sourcecode.swift; path = AppDetailViewController.swift; sourceTree = "<group>"; };
		DEBC568A27A0D5480013CAD2 /* Today.plist */ = {isa = PBXFileReference; fileEncoding = 4; lastKnownFileType = text.plist.xml; path = Today.plist; sourceTree = "<group>"; };
		DEBC568B27A0D5480013CAD2 /* Feature.plist */ = {isa = PBXFileReference; fileEncoding = 4; lastKnownFileType = text.plist.xml; path = Feature.plist; sourceTree = "<group>"; };
		DEBC568C27A0D5480013CAD2 /* RankingFeature.plist */ = {isa = PBXFileReference; fileEncoding = 4; lastKnownFileType = text.plist.xml; path = RankingFeature.plist; sourceTree = "<group>"; };
		DEBC569127A0D6030013CAD2 /* Today.swift */ = {isa = PBXFileReference; lastKnownFileType = sourcecode.swift; path = Today.swift; sourceTree = "<group>"; };
		DEBC569327A0D6860013CAD2 /* Feature.swift */ = {isa = PBXFileReference; lastKnownFileType = sourcecode.swift; path = Feature.swift; sourceTree = "<group>"; };
		DEBC569527A0D6BD0013CAD2 /* RankingFeature.swift */ = {isa = PBXFileReference; lastKnownFileType = sourcecode.swift; path = RankingFeature.swift; sourceTree = "<group>"; };
		DEBC569727A0E2330013CAD2 /* TodayDetailViewController.swift */ = {isa = PBXFileReference; lastKnownFileType = sourcecode.swift; path = TodayDetailViewController.swift; sourceTree = "<group>"; };
/* End PBXFileReference section */

/* Begin PBXFrameworksBuildPhase section */
		DE6BBDCB27A01B7E00EC43FF /* Frameworks */ = {
			isa = PBXFrameworksBuildPhase;
			buildActionMask = 2147483647;
			files = (
				DE6BBDEA27A01BF200EC43FF /* Kingfisher in Frameworks */,
				DE6BBDE727A01BE500EC43FF /* SnapKit in Frameworks */,
			);
			runOnlyForDeploymentPostprocessing = 0;
		};
/* End PBXFrameworksBuildPhase section */

/* Begin PBXGroup section */
		DE6BBDC527A01B7E00EC43FF = {
			isa = PBXGroup;
			children = (
				DE6BBDD027A01B7F00EC43FF /* AppStore */,
				DE6BBDCF27A01B7E00EC43FF /* Products */,
			);
			sourceTree = "<group>";
		};
		DE6BBDCF27A01B7E00EC43FF /* Products */ = {
			isa = PBXGroup;
			children = (
				DE6BBDCE27A01B7E00EC43FF /* AppStore.app */,
			);
			name = Products;
			sourceTree = "<group>";
		};
		DE6BBDD027A01B7F00EC43FF /* AppStore */ = {
			isa = PBXGroup;
			children = (
				DEBC569027A0D5DD0013CAD2 /* Model */,
				DEBC568827A0D5380013CAD2 /* Resource */,
				DE6BBDD127A01B7F00EC43FF /* AppDelegate.swift */,
				DE6BBDD327A01B7F00EC43FF /* SceneDelegate.swift */,
				DE6BBDED27A0206F00EC43FF /* ViewController */,
				DE6BBDDA27A01B8000EC43FF /* Assets.xcassets */,
				DE6BBDDC27A01B8000EC43FF /* LaunchScreen.storyboard */,
				DE6BBDDF27A01B8000EC43FF /* Info.plist */,
			);
			path = AppStore;
			sourceTree = "<group>";
		};
		DE6BBDED27A0206F00EC43FF /* ViewController */ = {
			isa = PBXGroup;
			children = (
				DE6BBDF727A02C2B00EC43FF /* App */,
				DE6BBDEE27A0208900EC43FF /* Today */,
				DEBC568627A0C84B0013CAD2 /* AppDetailViewController.swift */,
				DE6BBDEB27A01DCD00EC43FF /* TabBarViewController.swift */,
				DEBC569727A0E2330013CAD2 /* TodayDetailViewController.swift */,
			);
			path = ViewController;
			sourceTree = "<group>";
		};
		DE6BBDEE27A0208900EC43FF /* Today */ = {
			isa = PBXGroup;
			children = (
				DE6BBDEF27A0209E00EC43FF /* TodayViewController.swift */,
				DE6BBDF127A0237B00EC43FF /* TodayCollectionViewCell.swift */,
				DE6BBDF327A0284700EC43FF /* TodayCollectionHeaderView.swift */,
			);
			path = Today;
			sourceTree = "<group>";
		};
		DE6BBDF727A02C2B00EC43FF /* App */ = {
			isa = PBXGroup;
			children = (
				DE6BBDF527A02C2900EC43FF /* AppViewController.swift */,
				DE6BBDF827A031A800EC43FF /* FeatureSectionView.swift */,
				DE6BBDFA27A0372500EC43FF /* FeatureSectionCollectionViewCell.swift */,
				DE6BBDFE27A03EF900EC43FF /* RankingFeatureSectionView.swift */,
				DE6BBE0027A046AF00EC43FF /* RankingFeatureCollectionViewCell.swift */,
				DE6BBE0227A04B0600EC43FF /* ExchangeCodeButtonView.swift */,
				DE6BBDFC27A03BD500EC43FF /* SeparatorView.swift */,
			);
			path = App;
			sourceTree = "<group>";
		};
		DEBC568827A0D5380013CAD2 /* Resource */ = {
			isa = PBXGroup;
			children = (
				DEBC568A27A0D5480013CAD2 /* Today.plist */,
				DEBC568B27A0D5480013CAD2 /* Feature.plist */,
				DEBC568C27A0D5480013CAD2 /* RankingFeature.plist */,
			);
			path = Resource;
			sourceTree = "<group>";
		};
		DEBC569027A0D5DD0013CAD2 /* Model */ = {
			isa = PBXGroup;
			children = (
				DEBC569127A0D6030013CAD2 /* Today.swift */,
				DEBC569327A0D6860013CAD2 /* Feature.swift */,
				DEBC569527A0D6BD0013CAD2 /* RankingFeature.swift */,
			);
			path = Model;
			sourceTree = "<group>";
		};
/* End PBXGroup section */

/* Begin PBXNativeTarget section */
		DE6BBDCD27A01B7E00EC43FF /* AppStore */ = {
			isa = PBXNativeTarget;
			buildConfigurationList = DE6BBDE227A01B8000EC43FF /* Build configuration list for PBXNativeTarget "AppStore" */;
			buildPhases = (
				DE6BBDCA27A01B7E00EC43FF /* Sources */,
				DE6BBDCB27A01B7E00EC43FF /* Frameworks */,
				DE6BBDCC27A01B7E00EC43FF /* Resources */,
			);
			buildRules = (
			);
			dependencies = (
			);
			name = AppStore;
			packageProductDependencies = (
				DE6BBDE627A01BE500EC43FF /* SnapKit */,
				DE6BBDE927A01BF200EC43FF /* Kingfisher */,
			);
			productName = AppStore;
			productReference = DE6BBDCE27A01B7E00EC43FF /* AppStore.app */;
			productType = "com.apple.product-type.application";
		};
/* End PBXNativeTarget section */

/* Begin PBXProject section */
		DE6BBDC627A01B7E00EC43FF /* Project object */ = {
			isa = PBXProject;
			attributes = {
				LastSwiftUpdateCheck = 1250;
				LastUpgradeCheck = 1250;
				TargetAttributes = {
					DE6BBDCD27A01B7E00EC43FF = {
						CreatedOnToolsVersion = 12.5.1;
					};
				};
			};
			buildConfigurationList = DE6BBDC927A01B7E00EC43FF /* Build configuration list for PBXProject "AppStore" */;
			compatibilityVersion = "Xcode 9.3";
			developmentRegion = en;
			hasScannedForEncodings = 0;
			knownRegions = (
				en,
				Base,
			);
			mainGroup = DE6BBDC527A01B7E00EC43FF;
			packageReferences = (
				DE6BBDE527A01BE500EC43FF /* XCRemoteSwiftPackageReference "SnapKit" */,
				DE6BBDE827A01BF200EC43FF /* XCRemoteSwiftPackageReference "Kingfisher" */,
			);
			productRefGroup = DE6BBDCF27A01B7E00EC43FF /* Products */;
			projectDirPath = "";
			projectRoot = "";
			targets = (
				DE6BBDCD27A01B7E00EC43FF /* AppStore */,
			);
		};
/* End PBXProject section */

/* Begin PBXResourcesBuildPhase section */
		DE6BBDCC27A01B7E00EC43FF /* Resources */ = {
			isa = PBXResourcesBuildPhase;
			buildActionMask = 2147483647;
			files = (
				DE6BBDDE27A01B8000EC43FF /* LaunchScreen.storyboard in Resources */,
				DEBC568F27A0D5480013CAD2 /* RankingFeature.plist in Resources */,
				DEBC568D27A0D5480013CAD2 /* Today.plist in Resources */,
				DE6BBDDB27A01B8000EC43FF /* Assets.xcassets in Resources */,
				DEBC568E27A0D5480013CAD2 /* Feature.plist in Resources */,
			);
			runOnlyForDeploymentPostprocessing = 0;
		};
/* End PBXResourcesBuildPhase section */

/* Begin PBXSourcesBuildPhase section */
		DE6BBDCA27A01B7E00EC43FF /* Sources */ = {
			isa = PBXSourcesBuildPhase;
			buildActionMask = 2147483647;
			files = (
				DE6BBDF027A0209E00EC43FF /* TodayViewController.swift in Sources */,
				DEBC569227A0D6030013CAD2 /* Today.swift in Sources */,
				DE6BBDFF27A03EF900EC43FF /* RankingFeatureSectionView.swift in Sources */,
				DEBC569827A0E2330013CAD2 /* TodayDetailViewController.swift in Sources */,
				DE6BBE0327A04B0600EC43FF /* ExchangeCodeButtonView.swift in Sources */,
				DEBC569627A0D6BD0013CAD2 /* RankingFeature.swift in Sources */,
				DEBC569427A0D6860013CAD2 /* Feature.swift in Sources */,
				DE6BBDEC27A01DCD00EC43FF /* TabBarViewController.swift in Sources */,
				DE6BBDFD27A03BD500EC43FF /* SeparatorView.swift in Sources */,
				DE6BBDD227A01B7F00EC43FF /* AppDelegate.swift in Sources */,
				DE6BBDF427A0284700EC43FF /* TodayCollectionHeaderView.swift in Sources */,
				DE6BBDF627A02C2900EC43FF /* AppViewController.swift in Sources */,
				DE6BBDFB27A0372500EC43FF /* FeatureSectionCollectionViewCell.swift in Sources */,
				DE6BBDD427A01B7F00EC43FF /* SceneDelegate.swift in Sources */,
				DE6BBDF227A0237B00EC43FF /* TodayCollectionViewCell.swift in Sources */,
				DEBC568727A0C84B0013CAD2 /* AppDetailViewController.swift in Sources */,
				DE6BBE0127A046AF00EC43FF /* RankingFeatureCollectionViewCell.swift in Sources */,
				DE6BBDF927A031A800EC43FF /* FeatureSectionView.swift in Sources */,
			);
			runOnlyForDeploymentPostprocessing = 0;
		};
/* End PBXSourcesBuildPhase section */

/* Begin PBXVariantGroup section */
		DE6BBDDC27A01B8000EC43FF /* LaunchScreen.storyboard */ = {
			isa = PBXVariantGroup;
			children = (
				DE6BBDDD27A01B8000EC43FF /* Base */,
			);
			name = LaunchScreen.storyboard;
			sourceTree = "<group>";
		};
/* End PBXVariantGroup section */

/* Begin XCBuildConfiguration section */
		DE6BBDE027A01B8000EC43FF /* Debug */ = {
			isa = XCBuildConfiguration;
			buildSettings = {
				ALWAYS_SEARCH_USER_PATHS = NO;
				CLANG_ANALYZER_NONNULL = YES;
				CLANG_ANALYZER_NUMBER_OBJECT_CONVERSION = YES_AGGRESSIVE;
				CLANG_CXX_LANGUAGE_STANDARD = "gnu++14";
				CLANG_CXX_LIBRARY = "libc++";
				CLANG_ENABLE_MODULES = YES;
				CLANG_ENABLE_OBJC_ARC = YES;
				CLANG_ENABLE_OBJC_WEAK = YES;
				CLANG_WARN_BLOCK_CAPTURE_AUTORELEASING = YES;
				CLANG_WARN_BOOL_CONVERSION = YES;
				CLANG_WARN_COMMA = YES;
				CLANG_WARN_CONSTANT_CONVERSION = YES;
				CLANG_WARN_DEPRECATED_OBJC_IMPLEMENTATIONS = YES;
				CLANG_WARN_DIRECT_OBJC_ISA_USAGE = YES_ERROR;
				CLANG_WARN_DOCUMENTATION_COMMENTS = YES;
				CLANG_WARN_EMPTY_BODY = YES;
				CLANG_WARN_ENUM_CONVERSION = YES;
				CLANG_WARN_INFINITE_RECURSION = YES;
				CLANG_WARN_INT_CONVERSION = YES;
				CLANG_WARN_NON_LITERAL_NULL_CONVERSION = YES;
				CLANG_WARN_OBJC_IMPLICIT_RETAIN_SELF = YES;
				CLANG_WARN_OBJC_LITERAL_CONVERSION = YES;
				CLANG_WARN_OBJC_ROOT_CLASS = YES_ERROR;
				CLANG_WARN_QUOTED_INCLUDE_IN_FRAMEWORK_HEADER = YES;
				CLANG_WARN_RANGE_LOOP_ANALYSIS = YES;
				CLANG_WARN_STRICT_PROTOTYPES = YES;
				CLANG_WARN_SUSPICIOUS_MOVE = YES;
				CLANG_WARN_UNGUARDED_AVAILABILITY = YES_AGGRESSIVE;
				CLANG_WARN_UNREACHABLE_CODE = YES;
				CLANG_WARN__DUPLICATE_METHOD_MATCH = YES;
				COPY_PHASE_STRIP = NO;
				DEBUG_INFORMATION_FORMAT = dwarf;
				ENABLE_STRICT_OBJC_MSGSEND = YES;
				ENABLE_TESTABILITY = YES;
				GCC_C_LANGUAGE_STANDARD = gnu11;
				GCC_DYNAMIC_NO_PIC = NO;
				GCC_NO_COMMON_BLOCKS = YES;
				GCC_OPTIMIZATION_LEVEL = 0;
				GCC_PREPROCESSOR_DEFINITIONS = (
					"DEBUG=1",
					"$(inherited)",
				);
				GCC_WARN_64_TO_32_BIT_CONVERSION = YES;
				GCC_WARN_ABOUT_RETURN_TYPE = YES_ERROR;
				GCC_WARN_UNDECLARED_SELECTOR = YES;
				GCC_WARN_UNINITIALIZED_AUTOS = YES_AGGRESSIVE;
				GCC_WARN_UNUSED_FUNCTION = YES;
				GCC_WARN_UNUSED_VARIABLE = YES;
				IPHONEOS_DEPLOYMENT_TARGET = 14.5;
				MTL_ENABLE_DEBUG_INFO = INCLUDE_SOURCE;
				MTL_FAST_MATH = YES;
				ONLY_ACTIVE_ARCH = YES;
				SDKROOT = iphoneos;
				SWIFT_ACTIVE_COMPILATION_CONDITIONS = DEBUG;
				SWIFT_OPTIMIZATION_LEVEL = "-Onone";
			};
			name = Debug;
		};
		DE6BBDE127A01B8000EC43FF /* Release */ = {
			isa = XCBuildConfiguration;
			buildSettings = {
				ALWAYS_SEARCH_USER_PATHS = NO;
				CLANG_ANALYZER_NONNULL = YES;
				CLANG_ANALYZER_NUMBER_OBJECT_CONVERSION = YES_AGGRESSIVE;
				CLANG_CXX_LANGUAGE_STANDARD = "gnu++14";
				CLANG_CXX_LIBRARY = "libc++";
				CLANG_ENABLE_MODULES = YES;
				CLANG_ENABLE_OBJC_ARC = YES;
				CLANG_ENABLE_OBJC_WEAK = YES;
				CLANG_WARN_BLOCK_CAPTURE_AUTORELEASING = YES;
				CLANG_WARN_BOOL_CONVERSION = YES;
				CLANG_WARN_COMMA = YES;
				CLANG_WARN_CONSTANT_CONVERSION = YES;
				CLANG_WARN_DEPRECATED_OBJC_IMPLEMENTATIONS = YES;
				CLANG_WARN_DIRECT_OBJC_ISA_USAGE = YES_ERROR;
				CLANG_WARN_DOCUMENTATION_COMMENTS = YES;
				CLANG_WARN_EMPTY_BODY = YES;
				CLANG_WARN_ENUM_CONVERSION = YES;
				CLANG_WARN_INFINITE_RECURSION = YES;
				CLANG_WARN_INT_CONVERSION = YES;
				CLANG_WARN_NON_LITERAL_NULL_CONVERSION = YES;
				CLANG_WARN_OBJC_IMPLICIT_RETAIN_SELF = YES;
				CLANG_WARN_OBJC_LITERAL_CONVERSION = YES;
				CLANG_WARN_OBJC_ROOT_CLASS = YES_ERROR;
				CLANG_WARN_QUOTED_INCLUDE_IN_FRAMEWORK_HEADER = YES;
				CLANG_WARN_RANGE_LOOP_ANALYSIS = YES;
				CLANG_WARN_STRICT_PROTOTYPES = YES;
				CLANG_WARN_SUSPICIOUS_MOVE = YES;
				CLANG_WARN_UNGUARDED_AVAILABILITY = YES_AGGRESSIVE;
				CLANG_WARN_UNREACHABLE_CODE = YES;
				CLANG_WARN__DUPLICATE_METHOD_MATCH = YES;
				COPY_PHASE_STRIP = NO;
				DEBUG_INFORMATION_FORMAT = "dwarf-with-dsym";
				ENABLE_NS_ASSERTIONS = NO;
				ENABLE_STRICT_OBJC_MSGSEND = YES;
				GCC_C_LANGUAGE_STANDARD = gnu11;
				GCC_NO_COMMON_BLOCKS = YES;
				GCC_WARN_64_TO_32_BIT_CONVERSION = YES;
				GCC_WARN_ABOUT_RETURN_TYPE = YES_ERROR;
				GCC_WARN_UNDECLARED_SELECTOR = YES;
				GCC_WARN_UNINITIALIZED_AUTOS = YES_AGGRESSIVE;
				GCC_WARN_UNUSED_FUNCTION = YES;
				GCC_WARN_UNUSED_VARIABLE = YES;
				IPHONEOS_DEPLOYMENT_TARGET = 14.5;
				MTL_ENABLE_DEBUG_INFO = NO;
				MTL_FAST_MATH = YES;
				SDKROOT = iphoneos;
				SWIFT_COMPILATION_MODE = wholemodule;
				SWIFT_OPTIMIZATION_LEVEL = "-O";
				VALIDATE_PRODUCT = YES;
			};
			name = Release;
		};
		DE6BBDE327A01B8000EC43FF /* Debug */ = {
			isa = XCBuildConfiguration;
			buildSettings = {
				ASSETCATALOG_COMPILER_APPICON_NAME = AppIcon;
				ASSETCATALOG_COMPILER_GLOBAL_ACCENT_COLOR_NAME = AccentColor;
				CODE_SIGN_STYLE = Automatic;
				DEVELOPMENT_TEAM = J74H985T9L;
				INFOPLIST_FILE = AppStore/Info.plist;
				LD_RUNPATH_SEARCH_PATHS = (
					"$(inherited)",
					"@executable_path/Frameworks",
				);
				PRODUCT_BUNDLE_IDENTIFIER = com.terry.AppStore;
				PRODUCT_NAME = "$(TARGET_NAME)";
				SWIFT_VERSION = 5.0;
				TARGETED_DEVICE_FAMILY = "1,2";
			};
			name = Debug;
		};
		DE6BBDE427A01B8000EC43FF /* Release */ = {
			isa = XCBuildConfiguration;
			buildSettings = {
				ASSETCATALOG_COMPILER_APPICON_NAME = AppIcon;
				ASSETCATALOG_COMPILER_GLOBAL_ACCENT_COLOR_NAME = AccentColor;
				CODE_SIGN_STYLE = Automatic;
				DEVELOPMENT_TEAM = J74H985T9L;
				INFOPLIST_FILE = AppStore/Info.plist;
				LD_RUNPATH_SEARCH_PATHS = (
					"$(inherited)",
					"@executable_path/Frameworks",
				);
				PRODUCT_BUNDLE_IDENTIFIER = com.terry.AppStore;
				PRODUCT_NAME = "$(TARGET_NAME)";
				SWIFT_VERSION = 5.0;
				TARGETED_DEVICE_FAMILY = "1,2";
			};
			name = Release;
		};
/* End XCBuildConfiguration section */

/* Begin XCConfigurationList section */
		DE6BBDC927A01B7E00EC43FF /* Build configuration list for PBXProject "AppStore" */ = {
			isa = XCConfigurationList;
			buildConfigurations = (
				DE6BBDE027A01B8000EC43FF /* Debug */,
				DE6BBDE127A01B8000EC43FF /* Release */,
			);
			defaultConfigurationIsVisible = 0;
			defaultConfigurationName = Release;
		};
		DE6BBDE227A01B8000EC43FF /* Build configuration list for PBXNativeTarget "AppStore" */ = {
			isa = XCConfigurationList;
			buildConfigurations = (
				DE6BBDE327A01B8000EC43FF /* Debug */,
				DE6BBDE427A01B8000EC43FF /* Release */,
			);
			defaultConfigurationIsVisible = 0;
			defaultConfigurationName = Release;
		};
/* End XCConfigurationList section */

/* Begin XCRemoteSwiftPackageReference section */
		DE6BBDE527A01BE500EC43FF /* XCRemoteSwiftPackageReference "SnapKit" */ = {
			isa = XCRemoteSwiftPackageReference;
			repositoryURL = "https://github.com/SnapKit/SnapKit.git";
			requirement = {
				kind = upToNextMajorVersion;
				minimumVersion = 5.0.1;
			};
		};
		DE6BBDE827A01BF200EC43FF /* XCRemoteSwiftPackageReference "Kingfisher" */ = {
			isa = XCRemoteSwiftPackageReference;
			repositoryURL = "https://github.com/onevcat/Kingfisher.git";
			requirement = {
				kind = upToNextMajorVersion;
				minimumVersion = 7.1.2;
			};
		};
/* End XCRemoteSwiftPackageReference section */

/* Begin XCSwiftPackageProductDependency section */
		DE6BBDE627A01BE500EC43FF /* SnapKit */ = {
			isa = XCSwiftPackageProductDependency;
			package = DE6BBDE527A01BE500EC43FF /* XCRemoteSwiftPackageReference "SnapKit" */;
			productName = SnapKit;
		};
		DE6BBDE927A01BF200EC43FF /* Kingfisher */ = {
			isa = XCSwiftPackageProductDependency;
			package = DE6BBDE827A01BF200EC43FF /* XCRemoteSwiftPackageReference "Kingfisher" */;
			productName = Kingfisher;
		};
/* End XCSwiftPackageProductDependency section */
	};
	rootObject = DE6BBDC627A01B7E00EC43FF /* Project object */;
}
